version = 1
revision = 3
requires-python = ">=3.14"

[[package]]
name = "arabic-reshaper"
version = "3.0.1"
source = { registry = "https://pypi.org/simple" }
sdist = { url = "https://files.pythonhosted.org/packages/f2/6c/6be41c689bd2f6e9274c77bf45be820e41ff1ecb9ab0a1d23964b6d04606/arabic_reshaper-3.0.1.tar.gz", hash = "sha256:a0d9b2a9fa29b5f2c1d705f407adf6ca4242405b9cac0e5cc09e6c4f3f8fb68c", size = 42829, upload-time = "2026-04-28T13:53:17.447Z" }
wheels = [
    { url = "https://files.pythonhosted.org/packages/6e/7d/77752d819ede528c664ecf4de974b17b049e054a14537b74b53c8568014f/arabic_reshaper-3.0.1-py3-none-any.whl", hash = "sha256:41c5adc2420f85758eada7e880251c4b6a2adbd83377bd27e5d4eba71f648bc7", size = 20699, upload-time = "2026-04-28T13:53:15.894Z" },
]

[[package]]
name = "packaging"
version = "26.3"
source = { registry = "https://pypi.org/simple" }
sdist = { url = "https://files.pythonhosted.org/packages/7d/fa/3944b40b07da9ce895c0e6303a5ab7d53da063554f534556b134a54d6093/packaging-26.3.tar.gz", hash = "sha256:94edc256424af38762eb31306eed28beb9f0efc50a8837492c9d6fd6004aed79", size = 313412, upload-time = "2026-08-04T18:15:28.737Z" }
wheels = [
    { url = "https://files.pythonhosted.org/packages/63/34/ba1c580383c9eada3711951fef0795c80b829a078d72188184bcab9dd527/packaging-26.3-py3-none-any.whl", hash = "sha256:d7193f7c8e4e93f444fde0262bf90af30e16fa0ad0ad44cb553c87339b23cd1c", size = 129956, upload-time = "2026-08-04T18:15:27.159Z" },
]

[[package]]
name = "pillow"
version = "12.3.0"
source = { registry = "https://pypi.org/simple" }
sdist = { url = "https://files.pythonhosted.org/packages/1c/3d/bb7fca845737cf9d7dbde16ed1843984665ff2e0a518f5db43e77ec540b9/pillow-12.3.0.tar.gz", hash = "sha256:3b8182a766685eaa002637e28b4ec8d6b18819a0c71f579bf0dbaa5830297cce", size = 47025035, upload-time = "2026-07-01T11:56:38.965Z" }
wheels = [
    { url = "https://files.pythonhosted.org/packages/dc/01/001f65b68192f0228cc1dbbc8d2530ab5d58b61037ba0587f946fea607cd/pillow-12.3.0-cp314-cp314-ios_13_0_arm64_iphoneos.whl", hash = "sha256:9cf95fe4d0f84c82d282745d9bb08ad9f926efa00be4697e767b814ce40d4330", size = 4161736, upload-time = "2026-07-01T11:54:51.156Z" },
    { url = "https://files.pythonhosted.org/packages/1a/d2/0219746d0fd16fc8a84498e79452375be3797d3ce4044596ce565164b84f/pillow-12.3.0-cp314-cp314-ios_13_0_arm64_iphonesimulator.whl", hash = "sha256:8728f216dcdb6e6d555cf971cb34076139ad74b31fc2c14da4fafc741c5f6217", size = 4255435, upload-time = "2026-07-01T11:54:53.414Z" },
    { url = "https://files.pythonhosted.org/packages/c8/02/8d0bc62ef0302318c46ff2a512822d2610e81c7aa46c9b3abe6cbaca5ad0/pillow-12.3.0-cp314-cp314-ios_13_0_x86_64_iphonesimulator.whl", hash = "sha256:a45650e8ce7fafffd731db8550230db6b0d306d181a90b67d3e6bca2f1990930", size = 3696262, upload-time = "2026-07-01T11:54:55.739Z" },
    { url = "https://files.pythonhosted.org/packages/85/e2/73c77d218410b14f5f2d565e8a998d5317b7b9c75368d29985139f7a46f0/pillow-12.3.0-cp314-cp314-macosx_10_15_x86_64.whl", hash = "sha256:ba54cfebe86920a559a7c4d6b9050791c20513650a1952ebe3368c7dc70306f8", size = 5350344, upload-time = "2026-07-01T11:54:57.657Z" },
    { url = "https://files.pythonhosted.org/packages/c7/da/32c752228ae345f489e3a42499d817b6c3996da7e8a3bc7a04fc806b243b/pillow-12.3.0-cp314-cp314-macosx_11_0_arm64.whl", hash = "sha256:e158cb00350dc278f3b91551101aa7d12415a66ebf2c91d8d5ac14e56ddd3ad0", size = 4780131, upload-time = "2026-07-01T11:54:59.713Z" },
    { url = "https://files.pythonhosted.org/packages/b1/9d/8b2c807dbef61a5197c047afe99823787eb66f63daf9fb2432f91d6f0462/pillow-12.3.0-cp314-cp314-manylinux_2_27_aarch64.manylinux_2_28_aarch64.whl", hash = "sha256:e9aeb04d6aef139de265b29683e119b638208f88cf73cdd1658aa07221165321", size = 6263757, upload-time = "2026-07-01T11:55:01.778Z" },
    { url = "https://files.pythonhosted.org/packages/5c/44/c85361f65dbe00eea8576ee467c768d25129989efb76e94f205e9ca9bb46/pillow-12.3.0-cp314-cp314-manylinux_2_27_x86_64.manylinux_2_28_x86_64.whl", hash = "sha256:251bf95b67017e27b13d82f5b326234ca62d70f9cf4c2b9032de2358a3b12c7b", size = 6936962, upload-time = "2026-07-01T11:55:03.93Z" },
    { url = "https://files.pythonhosted.org/packages/18/7e/e483414b35800b86b6f08dbbc7803fb5cd52c4d6f897f47d53ea2c7e6f65/pillow-12.3.0-cp314-cp314-musllinux_1_2_aarch64.whl", hash = "sha256:fe3cca2e4e8a592be0f269a1ca4835c25199d9f3ce815c8491048f785b0a0198", size = 6339171, upload-time = "2026-07-01T11:55:05.989Z" },
    { url = "https://files.pythonhosted.org/packages/f0/f4/68c491844841ede6bed70189546b3ee9731cf9f2cbad396faff5e1ccba45/pillow-12.3.0-cp314-cp314-musllinux_1_2_x86_64.whl", hash = "sha256:23aceaa007d6172b02c277f0cd359c79492bbb14f7072b4ede9fbcaf20648130", size = 7048116, upload-time = "2026-07-01T11:55:08.131Z" },
    { url = "https://files.pythonhosted.org/packages/a3/34/77f3f793fed8efc7d243f21b33c5a3f0d1c97ee70346d3db855587e155ff/pillow-12.3.0-cp314-cp314-win32.whl", hash = "sha256:af8d94b0db561cf68b88a267c5c44b49e134f525d0dc2cb7ed413a66bc23559a", size = 6467209, upload-time = "2026-07-01T11:55:10.408Z" },
    { url = "https://files.pythonhosted.org/packages/f1/e0/492879f69d94f91f60fc8cd05ba03650e9520afebb2fb7aa12777d7c7f38/pillow-12.3.0-cp314-cp314-win_amd64.whl", hash = "sha256:fdafc9cce40277e0f7a0feabce0ee50dd2fa1800f3b38015e51296b5e814048d", size = 7237707, upload-time = "2026-07-01T11:55:12.745Z" },
    { url = "https://files.pythonhosted.org/packages/c9/ac/6b11f2875f1c2ac040d84e1bbf9cf22a88038f901ca1037898b280b38365/pillow-12.3.0-cp314-cp314-win_arm64.whl", hash = "sha256:e91206ee562682b51b98ef4b26a6ef48fd84e15fd4c4bc5ec768eb641d206838", size = 2565995, upload-time = "2026-07-01T11:55:14.736Z" },
    { url = "https://files.pythonhosted.org/packages/52/69/c2208e56af9bfc1913afb24020297a691eb1d4ef688474c8a04913f65e04/pillow-12.3.0-cp314-cp314t-macosx_10_15_x86_64.whl", hash = "sha256:164b31cd1a0490ab6efae01aa5df49da7061be0af1b30e035b6e9a1bfe34ee6e", size = 5352503, upload-time = "2026-07-01T11:55:17.076Z" },
    { url = "https://files.pythonhosted.org/packages/07/70/e5686d753e898a45d778ff1718dba8516ead6ab6b95d85fc8c4b70650cf2/pillow-12.3.0-cp314-cp314t-macosx_11_0_arm64.whl", hash = "sha256:5afb51d599ea772b8365ae807ae557f18bccfe46ab261fd1c2a9ed700fc6eb17", size = 4782956, upload-time = "2026-07-01T11:55:19.448Z" },
    { url = "https://files.pythonhosted.org/packages/d5/37/25c6692f06927ee973ff18c8d9ee98ad0b4d84ee67a09610c2dd1447958e/pillow-12.3.0-cp314-cp314t-manylinux_2_27_aarch64.manylinux_2_28_aarch64.whl", hash = "sha256:3edce1d53195db527e0191f84b71d02022de0540bf43a16ed734ed7537b07385", size = 6322855, upload-time = "2026-07-01T11:55:21.613Z" },
    { url = "https://files.pythonhosted.org/packages/cc/91/420637fcb8f1bc11029e403b4538e6694744428d8246118e45719f944556/pillow-12.3.0-cp314-cp314t-manylinux_2_27_x86_64.manylinux_2_28_x86_64.whl", hash = "sha256:bf16ba1b4d0b6b7c8e534936632270cf70eb00dbe09005bc345b2677b726855c", size = 6989642, upload-time = "2026-07-01T11:55:24.006Z" },
    { url = "https://files.pythonhosted.org/packages/10/08/b94d7811281ccf0d143a1cf768d1c49e1e54af63e7b708ab2ee3eb87face/pillow-12.3.0-cp314-cp314t-musllinux_1_2_aarch64.whl", hash = "sha256:24870b09b224f7ae3c39ed07d10e819d06f8720bc551847b1d623832b5b0e28d", size = 6391281, upload-time = "2026-07-01T11:55:26.252Z" },
    { url = "https://files.pythonhosted.org/packages/d2/87/24233f785f55474dc02ce3e739c5528a77e3a862e9333d1dd7a25cc31f70/pillow-12.3.0-cp314-cp314t-musllinux_1_2_x86_64.whl", hash = "sha256:30f2aa603c41533cc25c05acd0da21636e84a315768feb631c937177db558931", size = 7096716, upload-time = "2026-07-01T11:55:28.318Z" },
    { url = "https://files.pythonhosted.org/packages/23/26/fcb2f6e37175b04f53570b59937867e2b80ee1685e744023153028fc14f9/pillow-12.3.0-cp314-cp314t-win32.whl", hash = "sha256:4b0a7fe987b14c31ebda6083f74f22b561fd3739bc0ac51e019622e3d72668c7", size = 6474125, upload-time = "2026-07-01T11:55:30.956Z" },
    { url = "https://files.pythonhosted.org/packages/90/de/3634abee5f1c9e13c56787b7d5517b0ba8d6de51700b95578cf338349c9f/pillow-12.3.0-cp314-cp314t-win_amd64.whl", hash = "sha256:962864dc93511324d51ddbb5b9f8731bf71675b93ca612a07441896f4688fb8c", size = 7242939, upload-time = "2026-07-01T11:55:34.044Z" },
    { url = "https://files.pythonhosted.org/packages/ce/2a/fd13f8eb24de5714a6eb444a3d67e2842c6c576e159a43793adf23051351/pillow-12.3.0-cp314-cp314t-win_arm64.whl", hash = "sha256:0740a512dc522224c77d9aa5a8d70d8b7d73fb91f2c21125d8d025d3b8990e45", size = 2567506, upload-time = "2026-07-01T11:55:35.988Z" },
    { url = "https://files.pythonhosted.org/packages/5d/dc/8fdce34ec725a33c81c6ba122b904d6b9024e50ea9ac7bede62fab54506c/pillow-12.3.0-cp315-cp315-ios_13_0_arm64_iphoneos.whl", hash = "sha256:0feb2e9d6ad6c9e3c06effe9d00f3f1e618a6643273576b016f591e9315a7139", size = 4162063, upload-time = "2026-07-01T11:55:37.941Z" },
    { url = "https://files.pythonhosted.org/packages/76/66/2044b9a63d3b84ff048228dfcb7cd9bf0df983e8470971bf7d4c57b693de/pillow-12.3.0-cp315-cp315-ios_13_0_arm64_iphonesimulator.whl", hash = "sha256:9e881fca225083806662a5c43d627d215f258ff43c890f831966c7d7ba9c7402", size = 4255549, upload-time = "2026-07-01T11:55:40.022Z" },
    { url = "https://files.pythonhosted.org/packages/52/7e/1f67e6f4ece6b582ee4b539decbcc9f848dc245a93ed8cd7338bafef72f1/pillow-12.3.0-cp315-cp315-ios_13_0_x86_64_iphonesimulator.whl", hash = "sha256:4998562bf62a445225f22e07c896bb04b35b1b1f2eb6d760584c9c51d7a5f78c", size = 3696331, upload-time = "2026-07-01T11:55:41.98Z" },
    { url = "https://files.pythonhosted.org/packages/12/40/d306fc2c8e4d45d7f175c77edca7063be7b86fe7fe6e68f4353bf71d808c/pillow-12.3.0-cp315-cp315-macosx_10_15_x86_64.whl", hash = "sha256:dc624f6bc473dacdf7ef7eb8678d0d08edf15cd94fad6ae5c7d6cc67a4e4902f", size = 5350370, upload-time = "2026-07-01T11:55:44.028Z" },
    { url = "https://files.pythonhosted.org/packages/dd/44/668fb1437e8ce420f62d6106eb66e44a5971602a4d794615bdf79315d82d/pillow-12.3.0-cp315-cp315-macosx_11_0_arm64.whl", hash = "sha256:71d6097b330eea8fd15097780c8e89cb1a8ce7838669f48c5bacd6f663dd4701", size = 4780147, upload-time = "2026-07-01T11:55:46.073Z" },
    { url = "https://files.pythonhosted.org/packages/0c/08/93fa2e70e30a2d81547e481b6ee2bb9522117221fb1e0ce4b5df70967677/pillow-12.3.0-cp315-cp315-manylinux_2_27_aarch64.manylinux_2_28_aarch64.whl", hash = "sha256:28ce87c5ab450a9dd970b52e5aca5fe63ed432d18a2eaddd1979a00a1ba24ace", size = 6273659, upload-time = "2026-07-01T11:55:48.264Z" },
    { url = "https://files.pythonhosted.org/packages/f8/6d/043e96ff814fc31a33077e4cba86082167db520c93632afdf2042febbb0c/pillow-12.3.0-cp315-cp315-manylinux_2_27_x86_64.manylinux_2_28_x86_64.whl", hash = "sha256:6b02afb9b97f65fbca5f31db6a2a3ba21aa93030225f150fa3f249717e938fb4", size = 6947439, upload-time = "2026-07-01T11:55:50.503Z" },
    { url = "https://files.pythonhosted.org/packages/af/92/ba71d2ee2ac0edf3fa33bd9d5ee9ee080da70b1766f3ca3934f9938ddac9/pillow-12.3.0-cp315-cp315-musllinux_1_2_aarch64.whl", hash = "sha256:1182d52bc2d5e5d7d0949503aa7e36d12f42205dc287e4883f407b1988820d39", size = 6353577, upload-time = "2026-07-01T11:55:52.697Z" },
    { url = "https://files.pythonhosted.org/packages/0f/ce/e63064e2122923ff687c8ad792d0d736a7b3920a56a46982e81a7fdd25d6/pillow-12.3.0-cp315-cp315-musllinux_1_2_x86_64.whl", hash = "sha256:e795b7eb908249c4e43c7c99fac7c2c75dab0c43566e37db472a355f63693d71", size = 7060394, upload-time = "2026-07-01T11:55:55.149Z" },
    { url = "https://files.pythonhosted.org/packages/54/76/a09cc3ccc8d773a7283d34c38bec1708f9e3cc932093cbc4c5e71ac4060b/pillow-12.3.0-cp315-cp315-win32.whl", hash = "sha256:57b3d78c95ba9059768b10e28b813002261d3f3dfc55cc48b0c988f625175827", size = 6467375, upload-time = "2026-07-01T11:55:57.769Z" },
    { url = "https://files.pythonhosted.org/packages/3e/03/1846c49ba3b1d5550392a4bbd06d6fb4578e1cd91a803198b5c90f5f7d53/pillow-12.3.0-cp315-cp315-win_amd64.whl", hash = "sha256:fa4ecea169a355be7a3ade2c783e2ed12f0e40d2c5621cda8b3297faf7fbb9f5", size = 7237048, upload-time = "2026-07-01T11:55:59.975Z" },
    { url = "https://files.pythonhosted.org/packages/fb/bb/89f35dcc79610423f9f195504d7def7f0d1416a711541b42867e25fe3412/pillow-12.3.0-cp315-cp315-win_arm64.whl", hash = "sha256:877c3f311ff35410f690861c4409e7ccbf0cd2f878e50628a28e5a0bb689e658", size = 2566006, upload-time = "2026-07-01T11:56:02.143Z" },
    { url = "https://files.pythonhosted.org/packages/30/88/707027ba09942dfa2c28759b5c222d769290a41c6d20ea60ec250801941f/pillow-12.3.0-cp315-cp315t-macosx_10_15_x86_64.whl", hash = "sha256:e9871b1ffbfa9656b60aeee92ed5136a5742696006fa322b29ea3d8da0ecc9cf", size = 5352509, upload-time = "2026-07-01T11:56:04.2Z" },
    { url = "https://files.pythonhosted.org/packages/b0/6d/00352fa25332c2569cd387851f568cc5a4b75a9adbfb37ac4fbce4c02eec/pillow-12.3.0-cp315-cp315t-macosx_11_0_arm64.whl", hash = "sha256:53aa02d20d10c3d814d536aa4e5ac9b84ca0ff5a88377963b085ad6822f93e64", size = 4783167, upload-time = "2026-07-01T11:56:06.631Z" },
    { url = "https://files.pythonhosted.org/packages/13/4f/9e049dfa21af7c22427275720e2490267ba8138120add5c4c574deb69782/pillow-12.3.0-cp315-cp315t-manylinux_2_27_aarch64.manylinux_2_28_aarch64.whl", hash = "sha256:446c34dcc4324b084a53b705127dc15717b22c5e140ae0a3c38349d4efec071e", size = 6329237, upload-time = "2026-07-01T11:56:08.868Z" },
    { url = "https://files.pythonhosted.org/packages/36/16/cf6eeaae8d0fce8dd390a33437cf68c5d5bd73834a2bc6e2f14efda0ab45/pillow-12.3.0-cp315-cp315t-manylinux_2_27_x86_64.manylinux_2_28_x86_64.whl", hash = "sha256:cf1845d02ad822a369a49f2bb9345b1614744267682e7a03527dc3bf6eea1777", size = 6997047, upload-time = "2026-07-01T11:56:11.379Z" },
    { url = "https://files.pythonhosted.org/packages/1e/69/dbf769bdd55f48bf5733cac28edc6364ffaa072ec9ba336266e4fe66be55/pillow-12.3.0-cp315-cp315t-musllinux_1_2_aarch64.whl", hash = "sha256:186941b6aef820ad110fb01fb06eb925374dc3a21b17e37ec9a53b250c6fe2d1", size = 6400440, upload-time = "2026-07-01T11:56:13.908Z" },
    { url = "https://files.pythonhosted.org/packages/a0/e1/ffc9cfc2eea0d178da8018e18e959301ad9d6bc9f3edb7181e748a474b97/pillow-12.3.0-cp315-cp315t-musllinux_1_2_x86_64.whl", hash = "sha256:f13c32a3abd6079a66d9526e18dad9b6d280384d49d7c54040cd57b6424041d9", size = 7105895, upload-time = "2026-07-01T11:56:16.575Z" },
    { url = "https://files.pythonhosted.org/packages/18/f0/a5595c1e8c3ae44b9828cb2f0fa8155e5095ef04d6327b8f61cf44a3df85/pillow-12.3.0-cp315-cp315t-win32.whl", hash = "sha256:1657923d2d45afb66526e5b933e5b3052e6bdea196c90d3abb2424e18c77dae8", size = 6474384, upload-time = "2026-07-01T11:56:18.855Z" },
    { url = "https://files.pythonhosted.org/packages/e4/04/62bcd9f844984c5938d3b05264a61d797a29d3e0812341a8204af70bbdee/pillow-12.3.0-cp315-cp315t-win_amd64.whl", hash = "sha256:8cd2f7bdda092d99c9fc2fb7391354f306d01443d22785d0cbfafa2e2c8bb418", size = 7243537, upload-time = "2026-07-01T11:56:21.214Z" },
    { url = "https://files.pythonhosted.org/packages/3d/68/1f3066acedf37673694a7141381d8f811ae97f30d34413d236abe7d489f1/pillow-12.3.0-cp315-cp315t-win_arm64.whl", hash = "sha256:06ff022112bc9cbf83b60f8e028d94ad87b60621706487e65f673de61610ab59", size = 2567491, upload-time = "2026-07-01T11:56:23.506Z" },
]

[[package]]
name = "pymupdf"
version = "1.28.2"
source = { registry = "https://pypi.org/simple" }
sdist = { url = "https://files.pythonhosted.org/packages/a3/fb/b6761fa2d5266f2cdb24c3b91f4023070ab7848381417678e7a289a1d52a/pymupdf-1.28.2.tar.gz", hash = "sha256:5e0be7908a715aa20333caddd73f1d6f01e4cd0c26e869fa2dd0b7f344da2249", size = 87903557, upload-time = "2026-08-06T21:43:23.321Z" }
wheels = [
    { url = "https://files.pythonhosted.org/packages/b4/51/550c9a75c4ff3245cb4ecb7bb95cbe2ab7374230b8e2b7a1f7259444150b/pymupdf-1.28.2-cp310-abi3-macosx_10_15_x86_64.whl", hash = "sha256:5fc315b425ff1f7afdd1ea2f348205cb19b806767daae7ce4d64115799c2bae1", size = 24645079, upload-time = "2026-08-06T21:37:25.001Z" },
    { url = "https://files.pythonhosted.org/packages/fa/01/3591f781b417b382a8487a2356e927acfe858b1043bab0ec47f6805bb109/pymupdf-1.28.2-cp310-abi3-macosx_11_0_arm64.whl", hash = "sha256:7113846b35dbf0a033f088e4f4fb543dabeb4b0b12c112966a1ca1ee2d5eacae", size = 23875605, upload-time = "2026-08-06T21:37:40.369Z" },
    { url = "https://files.pythonhosted.org/packages/d2/86/4a68f080b71b46802178346af46486e1697508e760855ff5f3b218a6dff7/pymupdf-1.28.2-cp310-abi3-manylinux_2_28_aarch64.whl", hash = "sha256:3050a233dde1211efe89ada74e2add6238436434159f46097a1423aad2842545", size = 25095554, upload-time = "2026-08-06T21:37:58.485Z" },
    { url = "https://files.pythonhosted.org/packages/c7/06/dace3e27af26690cb20bead80dbac42941b0841eb689b8aabbd67dde16f0/pymupdf-1.28.2-cp310-abi3-manylinux_2_28_x86_64.whl", hash = "sha256:397d6715c1f0df7548a92d0afd8ce370fc48fa47aeefac16be2bc04a16a8227f", size = 25762500, upload-time = "2026-08-06T21:38:17.438Z" },
    { url = "https://files.pythonhosted.org/packages/e5/61/4146dfa1d8172a1ce8d59f0eed94896ddefb8deb2274534d0522fbb8abf5/pymupdf-1.28.2-cp310-abi3-musllinux_1_2_x86_64.whl", hash = "sha256:f89fb2d86d07d643a269f17a093105057e20c79c1d06c103b53600067b6d2b01", size = 25986309, upload-time = "2026-08-06T21:38:35.472Z" },
    { url = "https://files.pythonhosted.org/packages/52/60/1fb6e64676f7500ebe89054b9e5bbbe14d3101c92d5f1a40ac9a35227673/pymupdf-1.28.2-cp310-abi3-win32.whl", hash = "sha256:530ef543a3885b3b81cb72a854e7c5a625a9233201221132bb6c31698c6a2bdb", size = 18525353, upload-time = "2026-08-06T21:38:47.697Z" },
    { url = "https://files.pythonhosted.org/packages/4a/61/d563bbccba262f9dd6d2d35ccb72593648184d886188efb12d9ce8f34dd6/pymupdf-1.28.2-cp310-abi3-win_amd64.whl", hash = "sha256:ebd244918798502d7b4504c90410d1711a4d7675a32584ca30f1bab419ecbffe", size = 19826532, upload-time = "2026-08-06T21:39:00.213Z" },
    { url = "https://files.pythonhosted.org/packages/e2/93/08f404a1f0155fe24137cf2d3aabd3e2b4b08c62053ed89c60f2611be3e9/pymupdf-1.28.2-cp310-abi3-win_arm64.whl", hash = "sha256:ffe91a24edc75c80da2a4b62f50fc0f54632d34fc8fe4cbc48e5c7ff07cf8fb4", size = 19759252, upload-time = "2026-08-06T21:39:12.937Z" },
    { url = "https://files.pythonhosted.org/packages/58/8c/d897dcd32a25b58186c968b15ce4324ca029e9d96460de12325314e390be/pymupdf-1.28.2-cp313-abi3-pyemscripten_2025_0_wasm32.whl", hash = "sha256:2e1b574c0fd2cb238021033fd3c0f9c4388816638df064e4bfb56d9d81736dc8", size = 18399403, upload-time = "2026-08-06T21:39:25.008Z" },
    { url = "https://files.pythonhosted.org/packages/f6/f1/de34a1c53fe2bf8c6e71db84b0ced782d408970c9810d2b456a2ae96814c/pymupdf-1.28.2-cp314-cp314t-manylinux_2_28_x86_64.whl", hash = "sha256:fd481ed48bef56305c41fb7e05a055c03345c899c7b101dad086258b438f8168", size = 25802333, upload-time = "2026-08-06T21:39:41.426Z" },
]

[[package]]
name = "pypdf"
version = "6.16.2"
source = { registry = "https://pypi.org/simple" }
sdist = { url = "https://files.pythonhosted.org/packages/44/66/54212e75406afd9f3e933d0dda23072f6aecc55c5a273077dc2e0b028b23/pypdf-6.16.2.tar.gz", hash = "sha256:595647f6191de6f402cfde1d0c455d6cbccbd509aac32b34783009c032de5d6e", size = 7008996, upload-time = "2026-08-23T13:50:07.135Z" }
wheels = [
    { url = "https://files.pythonhosted.org/packages/13/f1/a2da3b55acd4ab737bf728c97edaaed5ec1d3c1236acb639dcdfa97e42c7/pypdf-6.16.2-py3-none-any.whl", hash = "sha256:c8b09a59399062fb45a1b8156c18a787a10a3dae03ac9674397a226712c94604", size = 385060, upload-time = "2026-08-23T13:50:05.349Z" },
]

[[package]]
name = "pytesseract"
version = "0.3.13"
source = { registry = "https://pypi.org/simple" }
dependencies = [
    { name = "packaging" },
    { name = "pillow" },
]
sdist = { url = "https://files.pythonhosted.org/packages/9f/a6/7d679b83c285974a7cb94d739b461fa7e7a9b17a3abfd7bf6cbc5c2394b0/pytesseract-0.3.13.tar.gz", hash = "sha256:4bf5f880c99406f52a3cfc2633e42d9dc67615e69d8a509d74867d3baddb5db9", size = 17689, upload-time = "2024-08-16T02:33:56.762Z" }
wheels = [
    { url = "https://files.pythonhosted.org/packages/7a/33/8312d7ce74670c9d39a532b2c246a853861120486be9443eebf048043637/pytesseract-0.3.13-py3-none-any.whl", hash = "sha256:7a99c6c2ac598360693d83a416e36e0b33a67638bb9d77fdcac094a3589d4b34", size = 14705, upload-time = "2024-08-16T02:36:10.09Z" },
]

[[package]]
name = "python-bidi"
version = "0.6.11"
source = { registry = "https://pypi.org/simple" }
sdist = { url = "https://files.pythonhosted.org/packages/ce/e7/f168f2c3151aa05b9f9c9b2f7767bc8e06a133ea822c231ab497d4f36833/python_bidi-0.6.11.tar.gz", hash = "sha256:034090c597af250d699299d7e7f1e83eb016f9e47b3b707bd89ab2bdec77bce0", size = 57647, upload-time = "2026-06-30T14:23:42.626Z" }
wheels = [
    { url = "https://files.pythonhosted.org/packages/1a/dc/8d088a648845e60ee8d3d758251909320d6a51774181d2a3e72e985af0b8/python_bidi-0.6.11-cp314-cp314-macosx_10_12_x86_64.whl", hash = "sha256:5f3e1743b2d43377c4da5d687a03430a27f5769e158a9f75a50b05e7e82f4d21", size = 267877, upload-time = "2026-06-30T14:22:45.785Z" },
    { url = "https://files.pythonhosted.org/packages/ce/53/9c3e47a0579e5a3f168bb18ecfa197d494577ac19a1dd4557ecff99e2870/python_bidi-0.6.11-cp314-cp314-macosx_11_0_arm64.whl", hash = "sha256:6d9ef69c108b31f38e1f281a55fdedad7774bc1e952a45c8c14a18e891eee397", size = 265786, upload-time = "2026-06-30T14:22:35.254Z" },
    { url = "https://files.pythonhosted.org/packages/f6/51/3fc218678ac34a99065e45fdcc0209d2dd5e1f7766132fc4c58989a96d7d/python_bidi-0.6.11-cp314-cp314-manylinux_2_17_aarch64.manylinux2014_aarch64.whl", hash = "sha256:30d543b5baf9fca5ef5ec95647aa07c5e38fc7fa0f18be0c61d1d6c0a1032c6c", size = 293177, upload-time = "2026-06-30T14:21:32.962Z" },
    { url = "https://files.pythonhosted.org/packages/47/71/f359cfa65a6716f23c069d17b6e2b87a8c673f499753c7f9712979096f6a/python_bidi-0.6.11-cp314-cp314-manylinux_2_17_armv7l.manylinux2014_armv7l.whl", hash = "sha256:d14f2d400c75e07d1154299463a3d4d14aa5565b05088b2d9b314ccd9fd6dc3a", size = 297983, upload-time = "2026-06-30T14:21:43.731Z" },
    { url = "https://files.pythonhosted.org/packages/63/76/624bf0155d2b4fc2aa73e1276c22b66545a8d1f7280286c7e4dc443202db/python_bidi-0.6.11-cp314-cp314-manylinux_2_17_ppc64le.manylinux2014_ppc64le.whl", hash = "sha256:a4f4a0cd24c09df748bfdc207b089c00e7af19f3151063f4cd74ac658290186b", size = 418424, upload-time = "2026-06-30T14:21:54.25Z" },
    { url = "https://files.pythonhosted.org/packages/28/cf/4a919e5be87a352ccb48b0ad2c01e2bca5d1f804d927e17df67904af62dd/python_bidi-0.6.11-cp314-cp314-manylinux_2_17_s390x.manylinux2014_s390x.whl", hash = "sha256:2ff75d1befc335cbe85f834e81554a024f94d9b5d1dd75a5bd99af81a1cb783c", size = 319005, upload-time = "2026-06-30T14:22:04.514Z" },
    { url = "https://files.pythonhosted.org/packages/fa/25/2d9a3b0c4982ac60b8bc94b273eb7768cca18e92c5041807058fe81f4485/python_bidi-0.6.11-cp314-cp314-manylinux_2_17_x86_64.manylinux2014_x86_64.whl", hash = "sha256:959335cd3814cb767fb832c5c71cbc838ccd9231a812ef2cb43092a216a91d5b", size = 296830, upload-time = "2026-06-30T14:22:25.187Z" },
    { url = "https://files.pythonhosted.org/packages/61/d9/1798bf13b0e8167fee6a1bd0c2ec374c8d49a6de34a205a1a67bb8d45fb2/python_bidi-0.6.11-cp314-cp314-manylinux_2_5_i686.manylinux1_i686.whl", hash = "sha256:20ab47a4098577fc9a82816c330c89ff597c31ba69c98bc6a1b6a5737b03de05", size = 313852, upload-time = "2026-06-30T14:22:14.793Z" },
    { url = "https://files.pythonhosted.org/packages/25/aa/56a51fed9718e751a93ea3a4b894217a04cfaef0704159b400dee5fa5b4a/python_bidi-0.6.11-cp314-cp314-musllinux_1_2_aarch64.whl", hash = "sha256:60d9bf6c60c022657637f64897e63dc3f5b1c07cb7f0e1ead6150aff5150c5ab", size = 469382, upload-time = "2026-06-30T14:22:57.838Z" },
    { url = "https://files.pythonhosted.org/packages/c5/8b/82979c858cba237355aee8a2a35c317ba412c4bce494e8a51ccb1c9e5321/python_bidi-0.6.11-cp314-cp314-musllinux_1_2_armv7l.whl", hash = "sha256:cd564b8c583eba2d230d02d0467fd840045f08856b6524555cfff7f32af63c72", size = 573783, upload-time = "2026-06-30T14:23:10.012Z" },
    { url = "https://files.pythonhosted.org/packages/0f/55/a88d71d784144283f4e53a9849c4788c8a5fcce56a1690e073c014fa34fe/python_bidi-0.6.11-cp314-cp314-musllinux_1_2_i686.whl", hash = "sha256:fc3b0a6e2460f68de9ab98f71e3098bb21bb984563417ad104dec7ab08ebcadc", size = 534229, upload-time = "2026-06-30T14:23:22.108Z" },
    { url = "https://files.pythonhosted.org/packages/1c/f1/c50692fd2cfccb563fecac7c53af00c141bd9bed09fb9cd626e0d765c53d/python_bidi-0.6.11-cp314-cp314-musllinux_1_2_x86_64.whl", hash = "sha256:3bdb64ee0a74951465cd4a761e1029e73806ff43b2fe5be98643e52da5cabb66", size = 501275, upload-time = "2026-06-30T14:23:35.379Z" },
    { url = "https://files.pythonhosted.org/packages/ad/0f/4a83866615b86572d0854b9623e7c44de51a7d3e21b16880cfeb0fdc1b49/python_bidi-0.6.11-cp314-cp314-win32.whl", hash = "sha256:f237ebb570fd8bbe479b6967374d82b7f0b26f9452c276bdd5f793d83e7062bd", size = 157398, upload-time = "2026-06-30T14:23:57.202Z" },
    { url = "https://files.pythonhosted.org/packages/90/78/bf20f1ab2cafaf744df006691e0f7d292f95f7c01fbaced92f5970ab3f8a/python_bidi-0.6.11-cp314-cp314-win_amd64.whl", hash = "sha256:8fbb6d222b50324fb9d49b6ff0f8566fa97b907a68c00e6622fcf34463104f4a", size = 161347, upload-time = "2026-06-30T14:23:47.921Z" },
    { url = "https://files.pythonhosted.org/packages/4d/da/cabfc8c055b53d845de46a78b641996a8ca2e4b9f7c9667fc8a54e7c9030/python_bidi-0.6.11-cp314-cp314t-macosx_10_12_x86_64.whl", hash = "sha256:43f3e81bdd36f49171b7de6cf471086df503c29555f6f7f035ebe8f8ec1da779", size = 267716, upload-time = "2026-06-30T14:22:46.973Z" },
    { url = "https://files.pythonhosted.org/packages/b7/0e/2839f8671a2201c5e1776e04ac48170e9b8a6c989147fe1b656d19603c7a/python_bidi-0.6.11-cp314-cp314t-macosx_11_0_arm64.whl", hash = "sha256:d7291e13496cb74fc1b71f7f1e3628586afefa531102bb4fa7af9c2d543efc3c", size = 265337, upload-time = "2026-06-30T14:22:36.426Z" },
    { url = "https://files.pythonhosted.org/packages/7c/b8/561bfe22ac7ad3de4017542c4c6c192d0fa83a416ab2e0a66728c898e937/python_bidi-0.6.11-cp314-cp314t-manylinux_2_17_aarch64.manylinux2014_aarch64.whl", hash = "sha256:4ccf1fe9ecb3b02a1a11b103cd2557e2653d82c141b6e2dccec8177e6af5c4bb", size = 292362, upload-time = "2026-06-30T14:21:34.19Z" },
    { url = "https://files.pythonhosted.org/packages/45/ae/2b1159ac11e4516f566d83572481a0ca453abe132a43db4c048931676bfd/python_bidi-0.6.11-cp314-cp314t-manylinux_2_17_armv7l.manylinux2014_armv7l.whl", hash = "sha256:f400a30573774a1e90c0d50d43c35d9c004afcf53de801bbfd259f84ea80f31c", size = 297068, upload-time = "2026-06-30T14:21:44.769Z" },
    { url = "https://files.pythonhosted.org/packages/b6/d1/cf4c90a99d54ac01aeb186335dbf5a9cb89b3afbd5adc0b77b5c6f826134/python_bidi-0.6.11-cp314-cp314t-manylinux_2_17_ppc64le.manylinux2014_ppc64le.whl", hash = "sha256:788c11c84b520ea973992cc95751d56b783ff5857df504c1347d99cacd2fcfe7", size = 416236, upload-time = "2026-06-30T14:21:55.374Z" },
    { url = "https://files.pythonhosted.org/packages/ed/89/526f2b7be7c2e0d72dee52955538f816b7855e20d4a8e092516c13cbef78/python_bidi-0.6.11-cp314-cp314t-manylinux_2_17_s390x.manylinux2014_s390x.whl", hash = "sha256:879c3fba3e7511c7d01020449d970ca7d6a593f20cfc47c014d3d229a38930b2", size = 318604, upload-time = "2026-06-30T14:22:05.574Z" },
    { url = "https://files.pythonhosted.org/packages/67/a7/779464d0a6a96566f77bf8b76ec3d83cefadd8210ac758f4492942192357/python_bidi-0.6.11-cp314-cp314t-manylinux_2_17_x86_64.manylinux2014_x86_64.whl", hash = "sha256:6dc112e2239f69913273cbb0c050ca816b145b32037d4266c430159c5ddcdab2", size = 296857, upload-time = "2026-06-30T14:22:26.36Z" },
    { url = "https://files.pythonhosted.org/packages/8e/bf/cba41041e3a4369be495011bd773aaedefbfef59d6c21e121e61f8ac1e2b/python_bidi-0.6.11-cp314-cp314t-manylinux_2_5_i686.manylinux1_i686.whl", hash = "sha256:19bae96ff1ee76b3a7dc962598b69426538e3021460cf85a4017437548ab6947", size = 313478, upload-time = "2026-06-30T14:22:15.968Z" },
    { url = "https://files.pythonhosted.org/packages/be/88/a4cd8dea27cab1eee8ee33be1ee2a948a7a53d37beb071811d2a0aa328d1/python_bidi-0.6.11-cp314-cp314t-musllinux_1_2_aarch64.whl", hash = "sha256:565d819fddb2bbc58c42ca5c97d73da7567f181115011e8f04c76b9d08378dcd", size = 468573, upload-time = "2026-06-30T14:22:59.11Z" },
    { url = "https://files.pythonhosted.org/packages/a5/f3/9d8954d038e876386bb36fce4f0df61c6cf5b0664e69ab4c1914420d397e/python_bidi-0.6.11-cp314-cp314t-musllinux_1_2_armv7l.whl", hash = "sha256:e6c474618a7b6a50c10007f8a9edb50def6d98d297a07a34dc2fb82c344f2b8b", size = 572916, upload-time = "2026-06-30T14:23:11.277Z" },
    { url = "https://files.pythonhosted.org/packages/ae/02/a5f8763031912748e17e0f0e06e7056b377754c3a084432f6c7f32847acd/python_bidi-0.6.11-cp314-cp314t-musllinux_1_2_i686.whl", hash = "sha256:73c38c604bfc01647c69ce38e5cf8b4206e2ede91ca3eb8e5d79b7409f17e0b3", size = 533968, upload-time = "2026-06-30T14:23:24.072Z" },
    { url = "https://files.pythonhosted.org/packages/fe/5c/823d93e8ea9e05e77eb76eace84ea9879fe876890da616a41077b8c7ffd5/python_bidi-0.6.11-cp314-cp314t-musllinux_1_2_x86_64.whl", hash = "sha256:c26cd9d81f820159026b1c99905ca12bf13892e3f6a9303359fef42fe6f39e50", size = 500671, upload-time = "2026-06-30T14:23:36.907Z" },
    { url = "https://files.pythonhosted.org/packages/a1/00/9d16556d2e0bb4a4b2132fa37fc6235e333c6bf5bccd1375ce0a15ea1db1/python_bidi-0.6.11-cp314-cp314t-win32.whl", hash = "sha256:dfbb9ba8343a60daf4ced67c11d551dafe9a3c94892c326e4c216fa2e6eca802", size = 157355, upload-time = "2026-06-30T14:23:58.321Z" },
    { url = "https://files.pythonhosted.org/packages/9a/b6/13ea093c161da232a6eb534d420fe575ad802b0c8184860fe4f3881fbc08/python_bidi-0.6.11-cp314-cp314t-win_amd64.whl", hash = "sha256:6623683fe39b9fbf508e3069f17e8e9cab26143f9d9f89c8a8f45424c052df4f", size = 161439, upload-time = "2026-06-30T14:23:49.011Z" },
]

[[package]]
name = "tajweed-ai-assistant"
version = "0.1.0"
source = { editable = "." }
dependencies = [
    { name = "arabic-reshaper" },
    { name = "pillow" },
    { name = "pymupdf" },
    { name = "pypdf" },
    { name = "pytesseract" },
    { name = "python-bidi" },
]

[package.metadata]
requires-dist = [
    { name = "arabic-reshaper", specifier = ">=3.0.1" },
    { name = "pillow", specifier = ">=12.3.0" },
    { name = "pymupdf", specifier = ">=1.28.2" },
    { name = "pypdf", specifier = ">=6.16.2" },
    { name = "pytesseract", specifier = ">=0.3.13" },
    { name = "python-bidi", specifier = ">=0.6.11" },
]
